<?xml version="1.0" encoding="utf-8"?>
<Project ToolsVersion="4.0" xmlns="http://schemas.microsoft.com/developer/msbuild/2003">
  <ItemGroup>
    <Filter Include="源文件">
      <UniqueIdentifier>{4FC737F1-C7A5-4376-A066-2A32D752A2FF}</UniqueIdentifier>
      <Extensions>cpp;c;cc;cxx;def;odl;idl;hpj;bat;asm;asmx</Extensions>
    </Filter>
    <Filter Include="头文件">
      <UniqueIdentifier>{93995380-89BD-4b04-88EB-625FBE52EBFB}</UniqueIdentifier>
      <Extensions>h;hpp;hxx;hm;inl;inc;xsd</Extensions>
    </Filter>
    <Filter Include="资源文件">
      <UniqueIdentifier>{67DA6AB6-F800-4c08-8B7A-83BB121AAD01}</UniqueIdentifier>
      <Extensions>rc;ico;cur;bmp;dlg;rc2;rct;bin;rgs;gif;jpg;jpeg;jpe;resx;tiff;tif;png;wav</Extensions>
    </Filter>
  </ItemGroup>
  <ItemGroup>
    <ClCompile Include="ASCIIDlg.cpp">
      <Filter>源文件</Filter>
    </ClCompile>
    <ClCompile Include="CalcDlg.cpp">
      <Filter>源文件</Filter>
    </ClCompile>
    <ClCompile Include="JNIEnvList.cpp">
      <Filter>源文件</Filter>
    </ClCompile>
    <ClCompile Include="CheckedList.cpp">
      <Filter>源文件</Filter>
    </ClCompile>
    <ClCompile Include="ApplyDlg.cpp">
      <Filter>源文件</Filter>
    </ClCompile>
    <ClCompile Include="repairelf.cpp">
      <Filter>源文件</Filter>
    </ClCompile>
    <ClCompile Include="InitList.cpp">
      <Filter>源文件</Filter>
    </ClCompile>
    <ClCompile Include="KD_IDAMoreMenu.cpp">
      <Filter>源文件</Filter>
    </ClCompile>
  </ItemGroup>
  <ItemGroup>
    <ClInclude Include="resource.h">
      <Filter>头文件</Filter>
    </ClInclude>
    <ClInclude Include="ASCIIDlg.h">
      <Filter>头文件</Filter>
    </ClInclude>
    <ClInclude Include="CalcDlg.h">
      <Filter>头文件</Filter>
    </ClInclude>
    <ClInclude Include="JNIEnvData.h">
      <Filter>头文件</Filter>
    </ClInclude>
    <ClInclude Include="JNIEnvList.h">
      <Filter>头文件</Filter>
    </ClInclude>
    <ClInclude Include="CheckedList.h">
      <Filter>头文件</Filter>
    </ClInclude>
    <ClInclude Include="ApplyDlg.h">
      <Filter>头文件</Filter>
    </ClInclude>
    <ClInclude Include="elf.h">
      <Filter>头文件</Filter>
    </ClInclude>
    <ClInclude Include="KD_IDAMoreMenu.h">
      <Filter>头文件</Filter>
    </ClInclude>
  </ItemGroup>
  <ItemGroup>
    <ResourceCompile Include="KD_IDAMoreMenu.rc">
      <Filter>资源文件</Filter>
    </ResourceCompile>
  </ItemGroup>
  <ItemGroup>
    <None Include="CustomTools\TARGET.bmp">
      <Filter>资源文件</Filter>
    </None>
    <None Include="CustomTools\STRING.bmp">
      <Filter>资源文件</Filter>
    </None>
    <None Include="CustomTools\ACSII.bmp">
      <Filter>资源文件</Filter>
    </None>
    <None Include="CustomTools\CLAC.bmp">
      <Filter>资源文件</Filter>
    </None>
    <None Include="CustomTools\EXPORT.bmp">
      <Filter>资源文件</Filter>
    </None>
    <None Include="CustomTools\JNIENV.bmp">
      <Filter>资源文件</Filter>
    </None>
    <None Include="CustomTools\APPLY.bmp">
      <Filter>资源文件</Filter>
    </None>
    <None Include="CustomTools\CLOSE.bmp">
      <Filter>资源文件</Filter>
    </None>
    <None Include="CustomTools\REPAIR.bmp">
      <Filter>资源文件</Filter>
    </None>
    <None Include="CustomTools\INITTABLE.bmp">
      <Filter>资源文件</Filter>
    </None>
  </ItemGroup>
</Project>