<?xml version="1.0" encoding="utf-8"?>
<Project ToolsVersion="4.0" xmlns="http://schemas.microsoft.com/developer/msbuild/2003">
  <ItemGroup>
    <Filter Include="头文件">
      <UniqueIdentifier>{1ef2e446-bc42-4d06-853d-f940523162ce}</UniqueIdentifier>
    </Filter>
    <Filter Include="资源文件">
      <UniqueIdentifier>{37a0cc3e-68d6-4c6e-b96b-c03f6aa8ae4f}</UniqueIdentifier>
    </Filter>
    <Filter Include="源文件">
      <UniqueIdentifier>{a5a67579-0ac6-47d4-962a-2af8f2ca9fc8}</UniqueIdentifier>
    </Filter>
  </ItemGroup>
  <ItemGroup>
    <ClCompile Include="KDCopyString.cpp">
      <Filter>源文件</Filter>
    </ClCompile>
    <ClCompile Include="ChineseCode.cpp">
      <Filter>源文件</Filter>
    </ClCompile>
  </ItemGroup>
  <ItemGroup>
    <ClInclude Include="ChineseCode.h">
      <Filter>头文件</Filter>
    </ClInclude>
  </ItemGroup>
</Project>